Microsoft Visual Studio Solution File, Format Version 12.00
# Visual Studio 2012
Project("{FAE04EC0-301F-11D3-BF4B-00C04F79EFBC}") = "LD 55 - Summoning", "LD 55 - Summoning.csproj", "{8DBE7FF0-F60E-48CC-BD12-99C92BEA673D}"
EndProject
Global
	GlobalSection(SolutionConfigurationPlatforms) = preSolution
	Debug|Any CPU = Debug|Any CPU
	ExportDebug|Any CPU = ExportDebug|Any CPU
	ExportRelease|Any CPU = ExportRelease|Any CPU
	EndGlobalSection
	GlobalSection(ProjectConfigurationPlatforms) = postSolution
		{8DBE7FF0-F60E-48CC-BD12-99C92BEA673D}.Debug|Any CPU.ActiveCfg = Debug|Any CPU
		{8DBE7FF0-F60E-48CC-BD12-99C92BEA673D}.Debug|Any CPU.Build.0 = Debug|Any CPU
		{8DBE7FF0-F60E-48CC-BD12-99C92BEA673D}.ExportDebug|Any CPU.ActiveCfg = ExportDebug|Any CPU
		{8DBE7FF0-F60E-48CC-BD12-99C92BEA673D}.ExportDebug|Any CPU.Build.0 = ExportDebug|Any CPU
		{8DBE7FF0-F60E-48CC-BD12-99C92BEA673D}.ExportRelease|Any CPU.ActiveCfg = ExportRelease|Any CPU
		{8DBE7FF0-F60E-48CC-BD12-99C92BEA673D}.ExportRelease|Any CPU.Build.0 = ExportRelease|Any CPU
	EndGlobalSection
EndGlobal
